
Microsoft Visual Studio Solution File, Format Version 12.00
# Visual Studio Version 17
VisualStudioVersion = 17.2.32602.215
MinimumVisualStudioVersion = 10.0.40219.1
Project("{FAE04EC0-301F-11D3-BF4B-00C04F79EFBC}") = "ExtraStructures", "ExtraStructures\ExtraStructures.csproj", "{1516A01C-8C2F-4473-8878-D12887EEE0D5}"
EndProject
Global
	GlobalSection(SolutionConfigurationPlatforms) = preSolution
		Debug|Any CPU = Debug|Any CPU
		Release|Any CPU = Release|Any CPU
	EndGlobalSection
	GlobalSection(ProjectConfigurationPlatforms) = postSolution
		{1516A01C-8C2F-4473-8878-D12887EEE0D5}.Debug|Any CPU.ActiveCfg = Debug|Any CPU
		{1516A01C-8C2F-4473-8878-D12887EEE0D5}.Debug|Any CPU.Build.0 = Debug|Any CPU
		{1516A01C-8C2F-4473-8878-D12887EEE0D5}.Release|Any CPU.ActiveCfg = Release|Any CPU
		{1516A01C-8C2F-4473-8878-D12887EEE0D5}.Release|Any CPU.Build.0 = Release|Any CPU
	EndGlobalSection
	GlobalSection(SolutionProperties) = preSolution
		HideSolutionNode = FALSE
	EndGlobalSection
	GlobalSection(ExtensibilityGlobals) = postSolution
		SolutionGuid = {538C025B-398B-40C5-84D5-5CA0846AF354}
	EndGlobalSection
EndGlobal
