
Microsoft Visual Studio Solution File, Format Version 12.00
# Visual Studio Version 17
VisualStudioVersion = 17.2.32602.215
MinimumVisualStudioVersion = 10.0.40219.1
Project("{FAE04EC0-301F-11D3-BF4B-00C04F79EFBC}") = "File", "File\File.csproj", "{D75BE03D-5F5A-424A-BBC4-5864FA3B042A}"
EndProject
Global
	GlobalSection(SolutionConfigurationPlatforms) = preSolution
		Debug|Any CPU = Debug|Any CPU
		Release|Any CPU = Release|Any CPU
	EndGlobalSection
	GlobalSection(ProjectConfigurationPlatforms) = postSolution
		{D75BE03D-5F5A-424A-BBC4-5864FA3B042A}.Debug|Any CPU.ActiveCfg = Debug|Any CPU
		{D75BE03D-5F5A-424A-BBC4-5864FA3B042A}.Debug|Any CPU.Build.0 = Debug|Any CPU
		{D75BE03D-5F5A-424A-BBC4-5864FA3B042A}.Release|Any CPU.ActiveCfg = Release|Any CPU
		{D75BE03D-5F5A-424A-BBC4-5864FA3B042A}.Release|Any CPU.Build.0 = Release|Any CPU
	EndGlobalSection
	GlobalSection(SolutionProperties) = preSolution
		HideSolutionNode = FALSE
	EndGlobalSection
	GlobalSection(ExtensibilityGlobals) = postSolution
		SolutionGuid = {784F9B57-082E-4E9F-81D4-542E2F2DB6ED}
	EndGlobalSection
EndGlobal
