
Microsoft Visual Studio Solution File, Format Version 12.00
# Visual Studio Version 17
VisualStudioVersion = 17.2.32602.215
MinimumVisualStudioVersion = 10.0.40219.1
Project("{FAE04EC0-301F-11D3-BF4B-00C04F79EFBC}") = "Variables", "Variables\Variables.csproj", "{0EB2C8FC-34A0-4A0B-B0E7-BBE69B95438C}"
EndProject
Global
	GlobalSection(SolutionConfigurationPlatforms) = preSolution
		Debug|Any CPU = Debug|Any CPU
		Release|Any CPU = Release|Any CPU
	EndGlobalSection
	GlobalSection(ProjectConfigurationPlatforms) = postSolution
		{0EB2C8FC-34A0-4A0B-B0E7-BBE69B95438C}.Debug|Any CPU.ActiveCfg = Debug|Any CPU
		{0EB2C8FC-34A0-4A0B-B0E7-BBE69B95438C}.Debug|Any CPU.Build.0 = Debug|Any CPU
		{0EB2C8FC-34A0-4A0B-B0E7-BBE69B95438C}.Release|Any CPU.ActiveCfg = Release|Any CPU
		{0EB2C8FC-34A0-4A0B-B0E7-BBE69B95438C}.Release|Any CPU.Build.0 = Release|Any CPU
	EndGlobalSection
	GlobalSection(SolutionProperties) = preSolution
		HideSolutionNode = FALSE
	EndGlobalSection
	GlobalSection(ExtensibilityGlobals) = postSolution
		SolutionGuid = {ACFC7150-2F41-4F44-926E-2FAEC25A08AC}
	EndGlobalSection
EndGlobal
